// !$*UTF8*$!
{
	archiveVersion = 1;
	classes = {
	};
	objectVersion = 50;
	objects = {

/* Begin PBXBuildFile section */
		686187DA20F34CDD002E4541 /* AppDelegate.swift in Sources */ = {isa = PBXBuildFile; fileRef = 686187D920F34CDD002E4541 /* AppDelegate.swift */; };
		686187DC20F34CDD002E4541 /* ChipVC.swift in Sources */ = {isa = PBXBuildFile; fileRef = 686187DB20F34CDD002E4541 /* ChipVC.swift */; };
		686187DF20F34CDE002E4541 /* Main.storyboard in Resources */ = {isa = PBXBuildFile; fileRef = 686187DD20F34CDE002E4541 /* Main.storyboard */; };
		686187E120F34CE2002E4541 /* Assets.xcassets in Resources */ = {isa = PBXBuildFile; fileRef = 686187E020F34CE2002E4541 /* Assets.xcassets */; };
		686187E420F34CE2002E4541 /* LaunchScreen.storyboard in Resources */ = {isa = PBXBuildFile; fileRef = 686187E220F34CE2002E4541 /* LaunchScreen.storyboard */; };
		686187EC20F34CFD002E4541 /* Chip8.swift in Sources */ = {isa = PBXBuildFile; fileRef = 686187EB20F34CFD002E4541 /* Chip8.swift */; };
		686187EE20F3DD5F002E4541 /* MainVC.swift in Sources */ = {isa = PBXBuildFile; fileRef = 686187ED20F3DD5F002E4541 /* MainVC.swift */; };
/* End PBXBuildFile section */

/* Begin PBXFileReference section */
		686187D620F34CDD002E4541 /* Chip8-emu.app */ = {isa = PBXFileReference; explicitFileType = wrapper.application; includeInIndex = 0; path = "Chip8-emu.app"; sourceTree = BUILT_PRODUCTS_DIR; };
		686187D920F34CDD002E4541 /* AppDelegate.swift */ = {isa = PBXFileReference; lastKnownFileType = sourcecode.swift; path = AppDelegate.swift; sourceTree = "<group>"; };
		686187DB20F34CDD002E4541 /* ChipVC.swift */ = {isa = PBXFileReference; lastKnownFileType = sourcecode.swift; path = ChipVC.swift; sourceTree = "<group>"; };
		686187DE20F34CDE002E4541 /* Base */ = {isa = PBXFileReference; lastKnownFileType = file.storyboard; name = Base; path = Base.lproj/Main.storyboard; sourceTree = "<group>"; };
		686187E020F34CE2002E4541 /* Assets.xcassets */ = {isa = PBXFileReference; lastKnownFileType = folder.assetcatalog; path = Assets.xcassets; sourceTree = "<group>"; };
		686187E320F34CE2002E4541 /* Base */ = {isa = PBXFileReference; lastKnownFileType = file.storyboard; name = Base; path = Base.lproj/LaunchScreen.storyboard; sourceTree = "<group>"; };
		686187E520F34CE2002E4541 /* Info.plist */ = {isa = PBXFileReference; lastKnownFileType = text.plist.xml; path = Info.plist; sourceTree = "<group>"; };
		686187EB20F34CFD002E4541 /* Chip8.swift */ = {isa = PBXFileReference; lastKnownFileType = sourcecode.swift; path = Chip8.swift; sourceTree = "<group>"; };
		686187ED20F3DD5F002E4541 /* MainVC.swift */ = {isa = PBXFileReference; lastKnownFileType = sourcecode.swift; path = MainVC.swift; sourceTree = "<group>"; };
/* End PBXFileReference section */

/* Begin PBXFrameworksBuildPhase section */
		686187D320F34CDD002E4541 /* Frameworks */ = {
			isa = PBXFrameworksBuildPhase;
			buildActionMask = 2147483647;
			files = (
			);
			runOnlyForDeploymentPostprocessing = 0;
		};
/* End PBXFrameworksBuildPhase section */

/* Begin PBXGroup section */
		686187CD20F34CDD002E4541 = {
			isa = PBXGroup;
			children = (
				686187D820F34CDD002E4541 /* Chip8-emu */,
				686187D720F34CDD002E4541 /* Products */,
			);
			sourceTree = "<group>";
		};
		686187D720F34CDD002E4541 /* Products */ = {
			isa = PBXGroup;
			children = (
				686187D620F34CDD002E4541 /* Chip8-emu.app */,
			);
			name = Products;
			sourceTree = "<group>";
		};
		686187D820F34CDD002E4541 /* Chip8-emu */ = {
			isa = PBXGroup;
			children = (
				686187D920F34CDD002E4541 /* AppDelegate.swift */,
				686187DB20F34CDD002E4541 /* ChipVC.swift */,
				686187DD20F34CDE002E4541 /* Main.storyboard */,
				686187E020F34CE2002E4541 /* Assets.xcassets */,
				686187E220F34CE2002E4541 /* LaunchScreen.storyboard */,
				686187E520F34CE2002E4541 /* Info.plist */,
				686187EB20F34CFD002E4541 /* Chip8.swift */,
				686187ED20F3DD5F002E4541 /* MainVC.swift */,
			);
			path = "Chip8-emu";
			sourceTree = "<group>";
		};
/* End PBXGroup section */

/* Begin PBXNativeTarget section */
		686187D520F34CDD002E4541 /* Chip8-emu */ = {
			isa = PBXNativeTarget;
			buildConfigurationList = 686187E820F34CE2002E4541 /* Build configuration list for PBXNativeTarget "Chip8-emu" */;
			buildPhases = (
				686187D220F34CDD002E4541 /* Sources */,
				686187D320F34CDD002E4541 /* Frameworks */,
				686187D420F34CDD002E4541 /* Resources */,
			);
			buildRules = (
			);
			dependencies = (
			);
			name = "Chip8-emu";
			productName = "Chip8-emu";
			productReference = 686187D620F34CDD002E4541 /* Chip8-emu.app */;
			productType = "com.apple.product-type.application";
		};
/* End PBXNativeTarget section */

/* Begin PBXProject section */
		686187CE20F34CDD002E4541 /* Project object */ = {
			isa = PBXProject;
			attributes = {
				LastSwiftUpdateCheck = 1000;
				LastUpgradeCheck = 1000;
				ORGANIZATIONNAME = "Raghav Vashisht";
				TargetAttributes = {
					686187D520F34CDD002E4541 = {
						CreatedOnToolsVersion = 10.0;
					};
				};
			};
			buildConfigurationList = 686187D120F34CDD002E4541 /* Build configuration list for PBXProject "Chip8-emu" */;
			compatibilityVersion = "Xcode 9.3";
			developmentRegion = en;
			hasScannedForEncodings = 0;
			knownRegions = (
				en,
				Base,
			);
			mainGroup = 686187CD20F34CDD002E4541;
			productRefGroup = 686187D720F34CDD002E4541 /* Products */;
			projectDirPath = "";
			projectRoot = "";
			targets = (
				686187D520F34CDD002E4541 /* Chip8-emu */,
			);
		};
/* End PBXProject section */

/* Begin PBXResourcesBuildPhase section */
		686187D420F34CDD002E4541 /* Resources */ = {
			isa = PBXResourcesBuildPhase;
			buildActionMask = 2147483647;
			files = (
				686187E420F34CE2002E4541 /* LaunchScreen.storyboard in Resources */,
				686187E120F34CE2002E4541 /* Assets.xcassets in Resources */,
				686187DF20F34CDE002E4541 /* Main.storyboard in Resources */,
			);
			runOnlyForDeploymentPostprocessing = 0;
		};
/* End PBXResourcesBuildPhase section */

/* Begin PBXSourcesBuildPhase section */
		686187D220F34CDD002E4541 /* Sources */ = {
			isa = PBXSourcesBuildPhase;
			buildActionMask = 2147483647;
			files = (
				686187EC20F34CFD002E4541 /* Chip8.swift in Sources */,
				686187EE20F3DD5F002E4541 /* MainVC.swift in Sources */,
				686187DC20F34CDD002E4541 /* ChipVC.swift in Sources */,
				686187DA20F34CDD002E4541 /* AppDelegate.swift in Sources */,
			);
			runOnlyForDeploymentPostprocessing = 0;
		};
/* End PBXSourcesBuildPhase section */

/* Begin PBXVariantGroup section */
		686187DD20F34CDE002E4541 /* Main.storyboard */ = {
			isa = PBXVariantGroup;
			children = (
				686187DE20F34CDE002E4541 /* Base */,
			);
			name = Main.storyboard;
			sourceTree = "<group>";
		};
		686187E220F34CE2002E4541 /* LaunchScreen.storyboard */ = {
			isa = PBXVariantGroup;
			children = (
				686187E320F34CE2002E4541 /* Base */,
			);
			name = LaunchScreen.storyboard;
			sourceTree = "<group>";
		};
/* End PBXVariantGroup section */

/* Begin XCBuildConfiguration section */
		686187E620F34CE2002E4541 /* Debug */ = {
			isa = XCBuildConfiguration;
			buildSettings = {
				ALWAYS_SEARCH_USER_PATHS = NO;
				CLANG_ANALYZER_NONNULL = YES;
				CLANG_ANALYZER_NUMBER_OBJECT_CONVERSION = YES_AGGRESSIVE;
				CLANG_CXX_LANGUAGE_STANDARD = "gnu++14";
				CLANG_CXX_LIBRARY = "libc++";
				CLANG_ENABLE_MODULES = YES;
				CLANG_ENABLE_OBJC_ARC = YES;
				CLANG_ENABLE_OBJC_WEAK = YES;
				CLANG_WARN_BLOCK_CAPTURE_AUTORELEASING = YES;
				CLANG_WARN_BOOL_CONVERSION = YES;
				CLANG_WARN_COMMA = YES;
				CLANG_WARN_CONSTANT_CONVERSION = YES;
				CLANG_WARN_DEPRECATED_OBJC_IMPLEMENTATIONS = YES;
				CLANG_WARN_DIRECT_OBJC_ISA_USAGE = YES_ERROR;
				CLANG_WARN_DOCUMENTATION_COMMENTS = YES;
				CLANG_WARN_EMPTY_BODY = YES;
				CLANG_WARN_ENUM_CONVERSION = YES;
				CLANG_WARN_INFINITE_RECURSION = YES;
				CLANG_WARN_INT_CONVERSION = YES;
				CLANG_WARN_NON_LITERAL_NULL_CONVERSION = YES;
				CLANG_WARN_OBJC_IMPLICIT_RETAIN_SELF = YES;
				CLANG_WARN_OBJC_LITERAL_CONVERSION = YES;
				CLANG_WARN_OBJC_ROOT_CLASS = YES_ERROR;
				CLANG_WARN_RANGE_LOOP_ANALYSIS = YES;
				CLANG_WARN_STRICT_PROTOTYPES = YES;
				CLANG_WARN_SUSPICIOUS_MOVE = YES;
				CLANG_WARN_UNGUARDED_AVAILABILITY = YES_AGGRESSIVE;
				CLANG_WARN_UNREACHABLE_CODE = YES;
				CLANG_WARN__DUPLICATE_METHOD_MATCH = YES;
				CODE_SIGN_IDENTITY = "iPhone Developer";
				COPY_PHASE_STRIP = NO;
				DEBUG_INFORMATION_FORMAT = dwarf;
				ENABLE_STRICT_OBJC_MSGSEND = YES;
				ENABLE_TESTABILITY = YES;
				GCC_C_LANGUAGE_STANDARD = gnu11;
				GCC_DYNAMIC_NO_PIC = NO;
				GCC_NO_COMMON_BLOCKS = YES;
				GCC_OPTIMIZATION_LEVEL = 0;
				GCC_PREPROCESSOR_DEFINITIONS = (
					"DEBUG=1",
					"$(inherited)",
				);
				GCC_WARN_64_TO_32_BIT_CONVERSION = YES;
				GCC_WARN_ABOUT_RETURN_TYPE = YES_ERROR;
				GCC_WARN_UNDECLARED_SELECTOR = YES;
				GCC_WARN_UNINITIALIZED_AUTOS = YES_AGGRESSIVE;
				GCC_WARN_UNUSED_FUNCTION = YES;
				GCC_WARN_UNUSED_VARIABLE = YES;
				IPHONEOS_DEPLOYMENT_TARGET = 12.0;
				MTL_ENABLE_DEBUG_INFO = INCLUDE_SOURCE;
				ONLY_ACTIVE_ARCH = YES;
				SDKROOT = iphoneos;
				SWIFT_ACTIVE_COMPILATION_CONDITIONS = DEBUG;
				SWIFT_OPTIMIZATION_LEVEL = "-Onone";
			};
			name = Debug;
		};
		686187E720F34CE2002E4541 /* Release */ = {
			isa = XCBuildConfiguration;
			buildSettings = {
				ALWAYS_SEARCH_USER_PATHS = NO;
				CLANG_ANALYZER_NONNULL = YES;
				CLANG_ANALYZER_NUMBER_OBJECT_CONVERSION = YES_AGGRESSIVE;
				CLANG_CXX_LANGUAGE_STANDARD = "gnu++14";
				CLANG_CXX_LIBRARY = "libc++";
				CLANG_ENABLE_MODULES = YES;
				CLANG_ENABLE_OBJC_ARC = YES;
				CLANG_ENABLE_OBJC_WEAK = YES;
				CLANG_WARN_BLOCK_CAPTURE_AUTORELEASING = YES;
				CLANG_WARN_BOOL_CONVERSION = YES;
				CLANG_WARN_COMMA = YES;
				CLANG_WARN_CONSTANT_CONVERSION = YES;
				CLANG_WARN_DEPRECATED_OBJC_IMPLEMENTATIONS = YES;
				CLANG_WARN_DIRECT_OBJC_ISA_USAGE = YES_ERROR;
				CLANG_WARN_DOCUMENTATION_COMMENTS = YES;
				CLANG_WARN_EMPTY_BODY = YES;
				CLANG_WARN_ENUM_CONVERSION = YES;
				CLANG_WARN_INFINITE_RECURSION = YES;
				CLANG_WARN_INT_CONVERSION = YES;
				CLANG_WARN_NON_LITERAL_NULL_CONVERSION = YES;
				CLANG_WARN_OBJC_IMPLICIT_RETAIN_SELF = YES;
				CLANG_WARN_OBJC_LITERAL_CONVERSION = YES;
				CLANG_WARN_OBJC_ROOT_CLASS = YES_ERROR;
				CLANG_WARN_RANGE_LOOP_ANALYSIS = YES;
				CLANG_WARN_STRICT_PROTOTYPES = YES;
				CLANG_WARN_SUSPICIOUS_MOVE = YES;
				CLANG_WARN_UNGUARDED_AVAILABILITY = YES_AGGRESSIVE;
				CLANG_WARN_UNREACHABLE_CODE = YES;
				CLANG_WARN__DUPLICATE_METHOD_MATCH = YES;
				CODE_SIGN_IDENTITY = "iPhone Developer";
				COPY_PHASE_STRIP = NO;
				DEBUG_INFORMATION_FORMAT = "dwarf-with-dsym";
				ENABLE_NS_ASSERTIONS = NO;
				ENABLE_STRICT_OBJC_MSGSEND = YES;
				GCC_C_LANGUAGE_STANDARD = gnu11;
				GCC_NO_COMMON_BLOCKS = YES;
				GCC_WARN_64_TO_32_BIT_CONVERSION = YES;
				GCC_WARN_ABOUT_RETURN_TYPE = YES_ERROR;
				GCC_WARN_UNDECLARED_SELECTOR = YES;
				GCC_WARN_UNINITIALIZED_AUTOS = YES_AGGRESSIVE;
				GCC_WARN_UNUSED_FUNCTION = YES;
				GCC_WARN_UNUSED_VARIABLE = YES;
				IPHONEOS_DEPLOYMENT_TARGET = 12.0;
				MTL_ENABLE_DEBUG_INFO = NO;
				SDKROOT = iphoneos;
				SWIFT_COMPILATION_MODE = wholemodule;
				SWIFT_OPTIMIZATION_LEVEL = "-O";
				VALIDATE_PRODUCT = YES;
			};
			name = Release;
		};
		686187E920F34CE2002E4541 /* Debug */ = {
			isa = XCBuildConfiguration;
			buildSettings = {
				ASSETCATALOG_COMPILER_APPICON_NAME = AppIcon;
				CODE_SIGN_STYLE = Automatic;
				DEVELOPMENT_TEAM = Z3BGLCCPGN;
				INFOPLIST_FILE = "Chip8-emu/Info.plist";
				LD_RUNPATH_SEARCH_PATHS = (
					"$(inherited)",
					"@executable_path/Frameworks",
				);
				PRODUCT_BUNDLE_IDENTIFIER = "com.vashishtapps.Chip8-emu";
				PRODUCT_NAME = "$(TARGET_NAME)";
				SWIFT_VERSION = 4.2;
				TARGETED_DEVICE_FAMILY = "1,2";
			};
			name = Debug;
		};
		686187EA20F34CE2002E4541 /* Release */ = {
			isa = XCBuildConfiguration;
			buildSettings = {
				ASSETCATALOG_COMPILER_APPICON_NAME = AppIcon;
				CODE_SIGN_STYLE = Automatic;
				DEVELOPMENT_TEAM = Z3BGLCCPGN;
				INFOPLIST_FILE = "Chip8-emu/Info.plist";
				LD_RUNPATH_SEARCH_PATHS = (
					"$(inherited)",
					"@executable_path/Frameworks",
				);
				PRODUCT_BUNDLE_IDENTIFIER = "com.vashishtapps.Chip8-emu";
				PRODUCT_NAME = "$(TARGET_NAME)";
				SWIFT_VERSION = 4.2;
				TARGETED_DEVICE_FAMILY = "1,2";
			};
			name = Release;
		};
/* End XCBuildConfiguration section */

/* Begin XCConfigurationList section */
		686187D120F34CDD002E4541 /* Build configuration list for PBXProject "Chip8-emu" */ = {
			isa = XCConfigurationList;
			buildConfigurations = (
				686187E620F34CE2002E4541 /* Debug */,
				686187E720F34CE2002E4541 /* Release */,
			);
			defaultConfigurationIsVisible = 0;
			defaultConfigurationName = Release;
		};
		686187E820F34CE2002E4541 /* Build configuration list for PBXNativeTarget "Chip8-emu" */ = {
			isa = XCConfigurationList;
			buildConfigurations = (
				686187E920F34CE2002E4541 /* Debug */,
				686187EA20F34CE2002E4541 /* Release */,
			);
			defaultConfigurationIsVisible = 0;
			defaultConfigurationName = Release;
		};
/* End XCConfigurationList section */
	};
	rootObject = 686187CE20F34CDD002E4541 /* Project object */;
}
